// !$*UTF8*$!
{
	archiveVersion = 1;
	classes = {
	};
	objectVersion = 46;
	objects = {

/* Begin PBXBuildFile section */
		D356D9701DC132AA00EE32C7 /* newNoticiaViewController.swift in Sources */ = {isa = PBXBuildFile; fileRef = D356D96F1DC132AA00EE32C7 /* newNoticiaViewController.swift */; };
		D356D9721DC132F100EE32C7 /* detalleNoticiaViewController.swift in Sources */ = {isa = PBXBuildFile; fileRef = D356D9711DC132F100EE32C7 /* detalleNoticiaViewController.swift */; };
		D356D9741DC1335000EE32C7 /* generalNoticeTableViewCell.swift in Sources */ = {isa = PBXBuildFile; fileRef = D356D9731DC1335000EE32C7 /* generalNoticeTableViewCell.swift */; };
		D356D9761DC13C7E00EE32C7 /* allNewsViewController.swift in Sources */ = {isa = PBXBuildFile; fileRef = D356D9751DC13C7E00EE32C7 /* allNewsViewController.swift */; };
		D3D50F591DC09D0700812603 /* AppDelegate.swift in Sources */ = {isa = PBXBuildFile; fileRef = D3D50F581DC09D0700812603 /* AppDelegate.swift */; };
		D3D50F5E1DC09D0700812603 /* Main.storyboard in Resources */ = {isa = PBXBuildFile; fileRef = D3D50F5C1DC09D0700812603 /* Main.storyboard */; };
		D3D50F601DC09D0700812603 /* Assets.xcassets in Resources */ = {isa = PBXBuildFile; fileRef = D3D50F5F1DC09D0700812603 /* Assets.xcassets */; };
		D3D50F631DC09D0700812603 /* LaunchScreen.storyboard in Resources */ = {isa = PBXBuildFile; fileRef = D3D50F611DC09D0700812603 /* LaunchScreen.storyboard */; };
		D3D50F6B1DC0A21700812603 /* MainViewController.swift in Sources */ = {isa = PBXBuildFile; fileRef = D3D50F6A1DC0A21700812603 /* MainViewController.swift */; };
		D3D50F6E1DC0B85700812603 /* autorNewsTableViewController.swift in Sources */ = {isa = PBXBuildFile; fileRef = D3D50F6D1DC0B85700812603 /* autorNewsTableViewController.swift */; };
		D3D50F711DC0C28600812603 /* NoticeTableViewCell.swift in Sources */ = {isa = PBXBuildFile; fileRef = D3D50F701DC0C28600812603 /* NoticeTableViewCell.swift */; };
		D3D50F731DC0F53800812603 /* generalTableViewController.swift in Sources */ = {isa = PBXBuildFile; fileRef = D3D50F721DC0F53800812603 /* generalTableViewController.swift */; };
/* End PBXBuildFile section */

/* Begin PBXFileReference section */
		D356D96F1DC132AA00EE32C7 /* newNoticiaViewController.swift */ = {isa = PBXFileReference; fileEncoding = 4; lastKnownFileType = sourcecode.swift; path = newNoticiaViewController.swift; sourceTree = "<group>"; };
		D356D9711DC132F100EE32C7 /* detalleNoticiaViewController.swift */ = {isa = PBXFileReference; fileEncoding = 4; lastKnownFileType = sourcecode.swift; path = detalleNoticiaViewController.swift; sourceTree = "<group>"; };
		D356D9731DC1335000EE32C7 /* generalNoticeTableViewCell.swift */ = {isa = PBXFileReference; fileEncoding = 4; lastKnownFileType = sourcecode.swift; path = generalNoticeTableViewCell.swift; sourceTree = "<group>"; };
		D356D9751DC13C7E00EE32C7 /* allNewsViewController.swift */ = {isa = PBXFileReference; fileEncoding = 4; lastKnownFileType = sourcecode.swift; path = allNewsViewController.swift; sourceTree = "<group>"; };
		D3D50F551DC09D0700812603 /* kc-mbaas-Scoops-vohcan.app */ = {isa = PBXFileReference; explicitFileType = wrapper.application; includeInIndex = 0; path = "kc-mbaas-Scoops-vohcan.app"; sourceTree = BUILT_PRODUCTS_DIR; };
		D3D50F581DC09D0700812603 /* AppDelegate.swift */ = {isa = PBXFileReference; lastKnownFileType = sourcecode.swift; path = AppDelegate.swift; sourceTree = "<group>"; };
		D3D50F5D1DC09D0700812603 /* Base */ = {isa = PBXFileReference; lastKnownFileType = file.storyboard; name = Base; path = Base.lproj/Main.storyboard; sourceTree = "<group>"; };
		D3D50F5F1DC09D0700812603 /* Assets.xcassets */ = {isa = PBXFileReference; lastKnownFileType = folder.assetcatalog; path = Assets.xcassets; sourceTree = "<group>"; };
		D3D50F621DC09D0700812603 /* Base */ = {isa = PBXFileReference; lastKnownFileType = file.storyboard; name = Base; path = Base.lproj/LaunchScreen.storyboard; sourceTree = "<group>"; };
		D3D50F641DC09D0700812603 /* Info.plist */ = {isa = PBXFileReference; lastKnownFileType = text.plist.xml; path = Info.plist; sourceTree = "<group>"; };
		D3D50F6A1DC0A21700812603 /* MainViewController.swift */ = {isa = PBXFileReference; fileEncoding = 4; lastKnownFileType = sourcecode.swift; name = MainViewController.swift; path = ../MainViewController.swift; sourceTree = "<group>"; };
		D3D50F6D1DC0B85700812603 /* autorNewsTableViewController.swift */ = {isa = PBXFileReference; fileEncoding = 4; lastKnownFileType = sourcecode.swift; path = autorNewsTableViewController.swift; sourceTree = "<group>"; };
		D3D50F701DC0C28600812603 /* NoticeTableViewCell.swift */ = {isa = PBXFileReference; fileEncoding = 4; lastKnownFileType = sourcecode.swift; path = NoticeTableViewCell.swift; sourceTree = "<group>"; };
		D3D50F721DC0F53800812603 /* generalTableViewController.swift */ = {isa = PBXFileReference; fileEncoding = 4; lastKnownFileType = sourcecode.swift; path = generalTableViewController.swift; sourceTree = "<group>"; };
/* End PBXFileReference section */

/* Begin PBXFrameworksBuildPhase section */
		D3D50F521DC09D0700812603 /* Frameworks */ = {
			isa = PBXFrameworksBuildPhase;
			buildActionMask = 2147483647;
			files = (
			);
			runOnlyForDeploymentPostprocessing = 0;
		};
/* End PBXFrameworksBuildPhase section */

/* Begin PBXGroup section */
		D3D50F4C1DC09D0700812603 = {
			isa = PBXGroup;
			children = (
				D3D50F571DC09D0700812603 /* kc-mbaas-Scoops-vohcan */,
				D3D50F561DC09D0700812603 /* Products */,
			);
			sourceTree = "<group>";
		};
		D3D50F561DC09D0700812603 /* Products */ = {
			isa = PBXGroup;
			children = (
				D3D50F551DC09D0700812603 /* kc-mbaas-Scoops-vohcan.app */,
			);
			name = Products;
			sourceTree = "<group>";
		};
		D3D50F571DC09D0700812603 /* kc-mbaas-Scoops-vohcan */ = {
			isa = PBXGroup;
			children = (
				D3D50F6F1DC0C23400812603 /* views */,
				D3D50F6C1DC0A29900812603 /* Controllers */,
				D3D50F581DC09D0700812603 /* AppDelegate.swift */,
				D3D50F5C1DC09D0700812603 /* Main.storyboard */,
				D356D9711DC132F100EE32C7 /* detalleNoticiaViewController.swift */,
				D3D50F5F1DC09D0700812603 /* Assets.xcassets */,
				D3D50F611DC09D0700812603 /* LaunchScreen.storyboard */,
				D3D50F641DC09D0700812603 /* Info.plist */,
			);
			path = "kc-mbaas-Scoops-vohcan";
			sourceTree = "<group>";
		};
		D3D50F6C1DC0A29900812603 /* Controllers */ = {
			isa = PBXGroup;
			children = (
				D3D50F6A1DC0A21700812603 /* MainViewController.swift */,
				D3D50F6D1DC0B85700812603 /* autorNewsTableViewController.swift */,
				D3D50F721DC0F53800812603 /* generalTableViewController.swift */,
				D356D96F1DC132AA00EE32C7 /* newNoticiaViewController.swift */,
				D356D9751DC13C7E00EE32C7 /* allNewsViewController.swift */,
			);
			name = Controllers;
			sourceTree = "<group>";
		};
		D3D50F6F1DC0C23400812603 /* views */ = {
			isa = PBXGroup;
			children = (
				D3D50F701DC0C28600812603 /* NoticeTableViewCell.swift */,
				D356D9731DC1335000EE32C7 /* generalNoticeTableViewCell.swift */,
			);
			name = views;
			sourceTree = "<group>";
		};
/* End PBXGroup section */

/* Begin PBXNativeTarget section */
		D3D50F541DC09D0700812603 /* kc-mbaas-Scoops-vohcan */ = {
			isa = PBXNativeTarget;
			buildConfigurationList = D3D50F671DC09D0700812603 /* Build configuration list for PBXNativeTarget "kc-mbaas-Scoops-vohcan" */;
			buildPhases = (
				D3D50F511DC09D0700812603 /* Sources */,
				D3D50F521DC09D0700812603 /* Frameworks */,
				D3D50F531DC09D0700812603 /* Resources */,
			);
			buildRules = (
			);
			dependencies = (
			);
			name = "kc-mbaas-Scoops-vohcan";
			productName = "kc-mbaas-Scoops-vohcan";
			productReference = D3D50F551DC09D0700812603 /* kc-mbaas-Scoops-vohcan.app */;
			productType = "com.apple.product-type.application";
		};
/* End PBXNativeTarget section */

/* Begin PBXProject section */
		D3D50F4D1DC09D0700812603 /* Project object */ = {
			isa = PBXProject;
			attributes = {
				LastSwiftUpdateCheck = 0800;
				LastUpgradeCheck = 0800;
				ORGANIZATIONNAME = vohcan;
				TargetAttributes = {
					D3D50F541DC09D0700812603 = {
						CreatedOnToolsVersion = 8.0;
						DevelopmentTeam = 9KUY4UDA79;
						ProvisioningStyle = Automatic;
					};
				};
			};
			buildConfigurationList = D3D50F501DC09D0700812603 /* Build configuration list for PBXProject "kc-mbaas-Scoops-vohcan" */;
			compatibilityVersion = "Xcode 3.2";
			developmentRegion = English;
			hasScannedForEncodings = 0;
			knownRegions = (
				en,
				Base,
			);
			mainGroup = D3D50F4C1DC09D0700812603;
			productRefGroup = D3D50F561DC09D0700812603 /* Products */;
			projectDirPath = "";
			projectRoot = "";
			targets = (
				D3D50F541DC09D0700812603 /* kc-mbaas-Scoops-vohcan */,
			);
		};
/* End PBXProject section */

/* Begin PBXResourcesBuildPhase section */
		D3D50F531DC09D0700812603 /* Resources */ = {
			isa = PBXResourcesBuildPhase;
			buildActionMask = 2147483647;
			files = (
				D3D50F631DC09D0700812603 /* LaunchScreen.storyboard in Resources */,
				D3D50F601DC09D0700812603 /* Assets.xcassets in Resources */,
				D3D50F5E1DC09D0700812603 /* Main.storyboard in Resources */,
			);
			runOnlyForDeploymentPostprocessing = 0;
		};
/* End PBXResourcesBuildPhase section */

/* Begin PBXSourcesBuildPhase section */
		D3D50F511DC09D0700812603 /* Sources */ = {
			isa = PBXSourcesBuildPhase;
			buildActionMask = 2147483647;
			files = (
				D3D50F731DC0F53800812603 /* generalTableViewController.swift in Sources */,
				D356D9761DC13C7E00EE32C7 /* allNewsViewController.swift in Sources */,
				D356D9701DC132AA00EE32C7 /* newNoticiaViewController.swift in Sources */,
				D3D50F6E1DC0B85700812603 /* autorNewsTableViewController.swift in Sources */,
				D3D50F711DC0C28600812603 /* NoticeTableViewCell.swift in Sources */,
				D356D9741DC1335000EE32C7 /* generalNoticeTableViewCell.swift in Sources */,
				D3D50F591DC09D0700812603 /* AppDelegate.swift in Sources */,
				D356D9721DC132F100EE32C7 /* detalleNoticiaViewController.swift in Sources */,
				D3D50F6B1DC0A21700812603 /* MainViewController.swift in Sources */,
			);
			runOnlyForDeploymentPostprocessing = 0;
		};
/* End PBXSourcesBuildPhase section */

/* Begin PBXVariantGroup section */
		D3D50F5C1DC09D0700812603 /* Main.storyboard */ = {
			isa = PBXVariantGroup;
			children = (
				D3D50F5D1DC09D0700812603 /* Base */,
			);
			name = Main.storyboard;
			sourceTree = "<group>";
		};
		D3D50F611DC09D0700812603 /* LaunchScreen.storyboard */ = {
			isa = PBXVariantGroup;
			children = (
				D3D50F621DC09D0700812603 /* Base */,
			);
			name = LaunchScreen.storyboard;
			sourceTree = "<group>";
		};
/* End PBXVariantGroup section */

/* Begin XCBuildConfiguration section */
		D3D50F651DC09D0700812603 /* Debug */ = {
			isa = XCBuildConfiguration;
			buildSettings = {
				ALWAYS_SEARCH_USER_PATHS = NO;
				CLANG_ANALYZER_NONNULL = YES;
				CLANG_CXX_LANGUAGE_STANDARD = "gnu++0x";
				CLANG_CXX_LIBRARY = "libc++";
				CLANG_ENABLE_MODULES = YES;
				CLANG_ENABLE_OBJC_ARC = YES;
				CLANG_WARN_BOOL_CONVERSION = YES;
				CLANG_WARN_CONSTANT_CONVERSION = YES;
				CLANG_WARN_DIRECT_OBJC_ISA_USAGE = YES_ERROR;
				CLANG_WARN_DOCUMENTATION_COMMENTS = YES;
				CLANG_WARN_EMPTY_BODY = YES;
				CLANG_WARN_ENUM_CONVERSION = YES;
				CLANG_WARN_INFINITE_RECURSION = YES;
				CLANG_WARN_INT_CONVERSION = YES;
				CLANG_WARN_OBJC_ROOT_CLASS = YES_ERROR;
				CLANG_WARN_SUSPICIOUS_MOVES = YES;
				CLANG_WARN_UNREACHABLE_CODE = YES;
				CLANG_WARN__DUPLICATE_METHOD_MATCH = YES;
				"CODE_SIGN_IDENTITY[sdk=iphoneos*]" = "iPhone Developer";
				COPY_PHASE_STRIP = NO;
				DEBUG_INFORMATION_FORMAT = dwarf;
				ENABLE_STRICT_OBJC_MSGSEND = YES;
				ENABLE_TESTABILITY = YES;
				GCC_C_LANGUAGE_STANDARD = gnu99;
				GCC_DYNAMIC_NO_PIC = NO;
				GCC_NO_COMMON_BLOCKS = YES;
				GCC_OPTIMIZATION_LEVEL = 0;
				GCC_PREPROCESSOR_DEFINITIONS = (
					"DEBUG=1",
					"$(inherited)",
				);
				GCC_WARN_64_TO_32_BIT_CONVERSION = YES;
				GCC_WARN_ABOUT_RETURN_TYPE = YES_ERROR;
				GCC_WARN_UNDECLARED_SELECTOR = YES;
				GCC_WARN_UNINITIALIZED_AUTOS = YES_AGGRESSIVE;
				GCC_WARN_UNUSED_FUNCTION = YES;
				GCC_WARN_UNUSED_VARIABLE = YES;
				IPHONEOS_DEPLOYMENT_TARGET = 10.0;
				MTL_ENABLE_DEBUG_INFO = YES;
				ONLY_ACTIVE_ARCH = YES;
				SDKROOT = iphoneos;
				SWIFT_ACTIVE_COMPILATION_CONDITIONS = DEBUG;
				SWIFT_OPTIMIZATION_LEVEL = "-Onone";
				TARGETED_DEVICE_FAMILY = "1,2";
			};
			name = Debug;
		};
		D3D50F661DC09D0700812603 /* Release */ = {
			isa = XCBuildConfiguration;
			buildSettings = {
				ALWAYS_SEARCH_USER_PATHS = NO;
				CLANG_ANALYZER_NONNULL = YES;
				CLANG_CXX_LANGUAGE_STANDARD = "gnu++0x";
				CLANG_CXX_LIBRARY = "libc++";
				CLANG_ENABLE_MODULES = YES;
				CLANG_ENABLE_OBJC_ARC = YES;
				CLANG_WARN_BOOL_CONVERSION = YES;
				CLANG_WARN_CONSTANT_CONVERSION = YES;
				CLANG_WARN_DIRECT_OBJC_ISA_USAGE = YES_ERROR;
				CLANG_WARN_DOCUMENTATION_COMMENTS = YES;
				CLANG_WARN_EMPTY_BODY = YES;
				CLANG_WARN_ENUM_CONVERSION = YES;
				CLANG_WARN_INFINITE_RECURSION = YES;
				CLANG_WARN_INT_CONVERSION = YES;
				CLANG_WARN_OBJC_ROOT_CLASS = YES_ERROR;
				CLANG_WARN_SUSPICIOUS_MOVES = YES;
				CLANG_WARN_UNREACHABLE_CODE = YES;
				CLANG_WARN__DUPLICATE_METHOD_MATCH = YES;
				"CODE_SIGN_IDENTITY[sdk=iphoneos*]" = "iPhone Developer";
				COPY_PHASE_STRIP = NO;
				DEBUG_INFORMATION_FORMAT = "dwarf-with-dsym";
				ENABLE_NS_ASSERTIONS = NO;
				ENABLE_STRICT_OBJC_MSGSEND = YES;
				GCC_C_LANGUAGE_STANDARD = gnu99;
				GCC_NO_COMMON_BLOCKS = YES;
				GCC_WARN_64_TO_32_BIT_CONVERSION = YES;
				GCC_WARN_ABOUT_RETURN_TYPE = YES_ERROR;
				GCC_WARN_UNDECLARED_SELECTOR = YES;
				GCC_WARN_UNINITIALIZED_AUTOS = YES_AGGRESSIVE;
				GCC_WARN_UNUSED_FUNCTION = YES;
				GCC_WARN_UNUSED_VARIABLE = YES;
				IPHONEOS_DEPLOYMENT_TARGET = 10.0;
				MTL_ENABLE_DEBUG_INFO = NO;
				SDKROOT = iphoneos;
				SWIFT_OPTIMIZATION_LEVEL = "-Owholemodule";
				TARGETED_DEVICE_FAMILY = "1,2";
				VALIDATE_PRODUCT = YES;
			};
			name = Release;
		};
		D3D50F681DC09D0700812603 /* Debug */ = {
			isa = XCBuildConfiguration;
			buildSettings = {
				ASSETCATALOG_COMPILER_APPICON_NAME = AppIcon;
				DEVELOPMENT_TEAM = 9KUY4UDA79;
				INFOPLIST_FILE = "kc-mbaas-Scoops-vohcan/Info.plist";
				LD_RUNPATH_SEARCH_PATHS = "$(inherited) @executable_path/Frameworks";
				PRODUCT_BUNDLE_IDENTIFIER = "com.vohcan.kc-mbaas-Scoops-vohcan";
				PRODUCT_NAME = "$(TARGET_NAME)";
				SWIFT_VERSION = 3.0;
			};
			name = Debug;
		};
		D3D50F691DC09D0700812603 /* Release */ = {
			isa = XCBuildConfiguration;
			buildSettings = {
				ASSETCATALOG_COMPILER_APPICON_NAME = AppIcon;
				DEVELOPMENT_TEAM = 9KUY4UDA79;
				INFOPLIST_FILE = "kc-mbaas-Scoops-vohcan/Info.plist";
				LD_RUNPATH_SEARCH_PATHS = "$(inherited) @executable_path/Frameworks";
				PRODUCT_BUNDLE_IDENTIFIER = "com.vohcan.kc-mbaas-Scoops-vohcan";
				PRODUCT_NAME = "$(TARGET_NAME)";
				SWIFT_VERSION = 3.0;
			};
			name = Release;
		};
/* End XCBuildConfiguration section */

/* Begin XCConfigurationList section */
		D3D50F501DC09D0700812603 /* Build configuration list for PBXProject "kc-mbaas-Scoops-vohcan" */ = {
			isa = XCConfigurationList;
			buildConfigurations = (
				D3D50F651DC09D0700812603 /* Debug */,
				D3D50F661DC09D0700812603 /* Release */,
			);
			defaultConfigurationIsVisible = 0;
			defaultConfigurationName = Release;
		};
		D3D50F671DC09D0700812603 /* Build configuration list for PBXNativeTarget "kc-mbaas-Scoops-vohcan" */ = {
			isa = XCConfigurationList;
			buildConfigurations = (
				D3D50F681DC09D0700812603 /* Debug */,
				D3D50F691DC09D0700812603 /* Release */,
			);
			defaultConfigurationIsVisible = 0;
			defaultConfigurationName = Release;
		};
/* End XCConfigurationList section */
	};
	rootObject = D3D50F4D1DC09D0700812603 /* Project object */;
}
